
Microsoft Visual Studio Solution File, Format Version 12.00
# Visual Studio 15
VisualStudioVersion = 15.0.27428.2027
MinimumVisualStudioVersion = 10.0.40219.1
Project("{8BC9CEB8-8B4A-11D0-8D11-00A0C91BC942}") = "first_tests", "first_tests\first_tests.vcxproj", "{256CB2B6-A145-4083-803C-F85917DEBA60}"
EndProject
Global
	GlobalSection(SolutionConfigurationPlatforms) = preSolution
		Debug|x64 = Debug|x64
		Debug|x86 = Debug|x86
		Release|x64 = Release|x64
		Release|x86 = Release|x86
	EndGlobalSection
	GlobalSection(ProjectConfigurationPlatforms) = postSolution
		{256CB2B6-A145-4083-803C-F85917DEBA60}.Debug|x64.ActiveCfg = Debug|x64
		{256CB2B6-A145-4083-803C-F85917DEBA60}.Debug|x64.Build.0 = Debug|x64
		{256CB2B6-A145-4083-803C-F85917DEBA60}.Debug|x86.ActiveCfg = Debug|Win32
		{256CB2B6-A145-4083-803C-F85917DEBA60}.Debug|x86.Build.0 = Debug|Win32
		{256CB2B6-A145-4083-803C-F85917DEBA60}.Release|x64.ActiveCfg = Release|x64
		{256CB2B6-A145-4083-803C-F85917DEBA60}.Release|x64.Build.0 = Release|x64
		{256CB2B6-A145-4083-803C-F85917DEBA60}.Release|x86.ActiveCfg = Release|Win32
		{256CB2B6-A145-4083-803C-F85917DEBA60}.Release|x86.Build.0 = Release|Win32
	EndGlobalSection
	GlobalSection(SolutionProperties) = preSolution
		HideSolutionNode = FALSE
	EndGlobalSection
	GlobalSection(ExtensibilityGlobals) = postSolution
		SolutionGuid = {15449506-BA03-444B-BFF4-FE8870738DEA}
	EndGlobalSection
EndGlobal
